Microsoft Visual Studio Solution File, Format Version 12.00
# Visual Studio Version 17
VisualStudioVersion = 17.5.2.0
MinimumVisualStudioVersion = 10.0.40219.1
Project("{FAE04EC0-301F-11D3-BF4B-00C04F79EFBC}") = "Proyecto_FinalProgra1", "Proyecto_FinalProgra1.csproj", "{7E34CFE6-2B85-2727-45C6-DC96C72A7B4A}"
EndProject
Global
	GlobalSection(SolutionConfigurationPlatforms) = preSolution
		Debug|Any CPU = Debug|Any CPU
		Release|Any CPU = Release|Any CPU
	EndGlobalSection
	GlobalSection(ProjectConfigurationPlatforms) = postSolution
		{7E34CFE6-2B85-2727-45C6-DC96C72A7B4A}.Debug|Any CPU.ActiveCfg = Debug|Any CPU
		{7E34CFE6-2B85-2727-45C6-DC96C72A7B4A}.Debug|Any CPU.Build.0 = Debug|Any CPU
		{7E34CFE6-2B85-2727-45C6-DC96C72A7B4A}.Release|Any CPU.ActiveCfg = Release|Any CPU
		{7E34CFE6-2B85-2727-45C6-DC96C72A7B4A}.Release|Any CPU.Build.0 = Release|Any CPU
	EndGlobalSection
	GlobalSection(SolutionProperties) = preSolution
		HideSolutionNode = FALSE
	EndGlobalSection
	GlobalSection(ExtensibilityGlobals) = postSolution
		SolutionGuid = {A026864D-2E48-4FF1-8323-D05FFC7C0C17}
	EndGlobalSection
EndGlobal
